
Microsoft Visual Studio Solution File, Format Version 12.00
# Visual Studio 15
VisualStudioVersion = 15.0.28306.52
MinimumVisualStudioVersion = 10.0.40219.1
Project("{9A19103F-16F7-4668-BE54-9A1E7A4F7556}") = "HRHunters.WebAPI", "HRHunters.WebAPI\HRHunters.WebAPI.csproj", "{735CF4E7-A871-4832-8240-0A3B84EC5E58}"
EndProject
Project("{9A19103F-16F7-4668-BE54-9A1E7A4F7556}") = "HRHunters.Data", "HRHunters.Data\HRHunters.Data.csproj", "{4247ADC7-F308-4DA2-810D-529A4ECE31CC}"
EndProject
Project("{9A19103F-16F7-4668-BE54-9A1E7A4F7556}") = "HRHunters.Common", "HRHunters.Common\HRHunters.Common.csproj", "{BBD2D03A-D9B1-4D1B-92F1-F048F3347DDD}"
EndProject
Project("{9A19103F-16F7-4668-BE54-9A1E7A4F7556}") = "HRHunters.Domain", "HRHunters.Domain\HRHunters.Domain.csproj", "{F76B2F38-A893-41CA-A8F5-D21A4489F9FF}"
EndProject
Global
	GlobalSection(SolutionConfigurationPlatforms) = preSolution
		Debug|Any CPU = Debug|Any CPU
		Release|Any CPU = Release|Any CPU
	EndGlobalSection
	GlobalSection(ProjectConfigurationPlatforms) = postSolution
		{735CF4E7-A871-4832-8240-0A3B84EC5E58}.Debug|Any CPU.ActiveCfg = Debug|Any CPU
		{735CF4E7-A871-4832-8240-0A3B84EC5E58}.Debug|Any CPU.Build.0 = Debug|Any CPU
		{735CF4E7-A871-4832-8240-0A3B84EC5E58}.Release|Any CPU.ActiveCfg = Release|Any CPU
		{735CF4E7-A871-4832-8240-0A3B84EC5E58}.Release|Any CPU.Build.0 = Release|Any CPU
		{4247ADC7-F308-4DA2-810D-529A4ECE31CC}.Debug|Any CPU.ActiveCfg = Debug|Any CPU
		{4247ADC7-F308-4DA2-810D-529A4ECE31CC}.Debug|Any CPU.Build.0 = Debug|Any CPU
		{4247ADC7-F308-4DA2-810D-529A4ECE31CC}.Release|Any CPU.ActiveCfg = Release|Any CPU
		{4247ADC7-F308-4DA2-810D-529A4ECE31CC}.Release|Any CPU.Build.0 = Release|Any CPU
		{BBD2D03A-D9B1-4D1B-92F1-F048F3347DDD}.Debug|Any CPU.ActiveCfg = Debug|Any CPU
		{BBD2D03A-D9B1-4D1B-92F1-F048F3347DDD}.Debug|Any CPU.Build.0 = Debug|Any CPU
		{BBD2D03A-D9B1-4D1B-92F1-F048F3347DDD}.Release|Any CPU.ActiveCfg = Release|Any CPU
		{BBD2D03A-D9B1-4D1B-92F1-F048F3347DDD}.Release|Any CPU.Build.0 = Release|Any CPU
		{F76B2F38-A893-41CA-A8F5-D21A4489F9FF}.Debug|Any CPU.ActiveCfg = Debug|Any CPU
		{F76B2F38-A893-41CA-A8F5-D21A4489F9FF}.Debug|Any CPU.Build.0 = Debug|Any CPU
		{F76B2F38-A893-41CA-A8F5-D21A4489F9FF}.Release|Any CPU.ActiveCfg = Release|Any CPU
		{F76B2F38-A893-41CA-A8F5-D21A4489F9FF}.Release|Any CPU.Build.0 = Release|Any CPU
	EndGlobalSection
	GlobalSection(SolutionProperties) = preSolution
		HideSolutionNode = FALSE
	EndGlobalSection
	GlobalSection(ExtensibilityGlobals) = postSolution
		SolutionGuid = {B7ED9AE4-5C34-4360-B5A5-0BE0F0B1D87C}
	EndGlobalSection
EndGlobal
